// !$*UTF8*$!
{
	archiveVersion = 1;
	classes = {
	};
	objectVersion = 56;
	objects = {

/* Begin PBXBuildFile section */
		0C683D3F2A2E3BC100F30BF6 /* main.cpp in Sources */ = {isa = PBXBuildFile; fileRef = 0C683D3E2A2E3BC100F30BF6 /* main.cpp */; };
		0C683D452A2E3C4D00F30BF6 /* Student.cpp in Sources */ = {isa = PBXBuildFile; fileRef = 0C683D432A2E3C4D00F30BF6 /* Student.cpp */; };
		0C854B1B2A2D78BD0016DCA5 /* main.cpp in Sources */ = {isa = PBXBuildFile; fileRef = 0C854B1A2A2D78BD0016DCA5 /* main.cpp */; };
		0C854B212A2D78D40016DCA5 /* Utils.cpp in Sources */ = {isa = PBXBuildFile; fileRef = 0C854B1F2A2D78D40016DCA5 /* Utils.cpp */; };
		0CBBC43F2A2D70E600848AC3 /* main.cpp in Sources */ = {isa = PBXBuildFile; fileRef = 0CBBC43E2A2D70E600848AC3 /* main.cpp */; };
		0CBBC4472A2D70FC00848AC3 /* Student.cpp in Sources */ = {isa = PBXBuildFile; fileRef = 0CBBC4452A2D70FC00848AC3 /* Student.cpp */; };
/* End PBXBuildFile section */

/* Begin PBXCopyFilesBuildPhase section */
		0C683D3A2A2E3BC100F30BF6 /* CopyFiles */ = {
			isa = PBXCopyFilesBuildPhase;
			buildActionMask = 2147483647;
			dstPath = /usr/share/man/man1/;
			dstSubfolderSpec = 0;
			files = (
			);
			runOnlyForDeploymentPostprocessing = 1;
		};
		0C854B162A2D78BD0016DCA5 /* CopyFiles */ = {
			isa = PBXCopyFilesBuildPhase;
			buildActionMask = 2147483647;
			dstPath = /usr/share/man/man1/;
			dstSubfolderSpec = 0;
			files = (
			);
			runOnlyForDeploymentPostprocessing = 1;
		};
		0CBBC4392A2D70E600848AC3 /* CopyFiles */ = {
			isa = PBXCopyFilesBuildPhase;
			buildActionMask = 2147483647;
			dstPath = /usr/share/man/man1/;
			dstSubfolderSpec = 0;
			files = (
			);
			runOnlyForDeploymentPostprocessing = 1;
		};
/* End PBXCopyFilesBuildPhase section */

/* Begin PBXFileReference section */
		0C683D3C2A2E3BC100F30BF6 /* returnThis */ = {isa = PBXFileReference; explicitFileType = "compiled.mach-o.executable"; includeInIndex = 0; path = returnThis; sourceTree = BUILT_PRODUCTS_DIR; };
		0C683D3E2A2E3BC100F30BF6 /* main.cpp */ = {isa = PBXFileReference; lastKnownFileType = sourcecode.cpp.cpp; path = main.cpp; sourceTree = "<group>"; };
		0C683D432A2E3C4D00F30BF6 /* Student.cpp */ = {isa = PBXFileReference; lastKnownFileType = sourcecode.cpp.cpp; path = Student.cpp; sourceTree = "<group>"; };
		0C683D442A2E3C4D00F30BF6 /* Student.h */ = {isa = PBXFileReference; lastKnownFileType = sourcecode.c.h; path = Student.h; sourceTree = "<group>"; };
		0C854B182A2D78BD0016DCA5 /* Utils */ = {isa = PBXFileReference; explicitFileType = "compiled.mach-o.executable"; includeInIndex = 0; path = Utils; sourceTree = BUILT_PRODUCTS_DIR; };
		0C854B1A2A2D78BD0016DCA5 /* main.cpp */ = {isa = PBXFileReference; lastKnownFileType = sourcecode.cpp.cpp; path = main.cpp; sourceTree = "<group>"; };
		0C854B1F2A2D78D40016DCA5 /* Utils.cpp */ = {isa = PBXFileReference; lastKnownFileType = sourcecode.cpp.cpp; path = Utils.cpp; sourceTree = "<group>"; };
		0C854B202A2D78D40016DCA5 /* Utils.hpp */ = {isa = PBXFileReference; lastKnownFileType = sourcecode.cpp.h; path = Utils.hpp; sourceTree = "<group>"; };
		0CBBC43B2A2D70E600848AC3 /* week6 */ = {isa = PBXFileReference; explicitFileType = "compiled.mach-o.executable"; includeInIndex = 0; path = week6; sourceTree = BUILT_PRODUCTS_DIR; };
		0CBBC43E2A2D70E600848AC3 /* main.cpp */ = {isa = PBXFileReference; lastKnownFileType = sourcecode.cpp.cpp; path = main.cpp; sourceTree = "<group>"; };
		0CBBC4452A2D70FC00848AC3 /* Student.cpp */ = {isa = PBXFileReference; lastKnownFileType = sourcecode.cpp.cpp; path = Student.cpp; sourceTree = "<group>"; };
		0CBBC4462A2D70FC00848AC3 /* Student.h */ = {isa = PBXFileReference; lastKnownFileType = sourcecode.c.h; path = Student.h; sourceTree = "<group>"; };
/* End PBXFileReference section */

/* Begin PBXFrameworksBuildPhase section */
		0C683D392A2E3BC100F30BF6 /* Frameworks */ = {
			isa = PBXFrameworksBuildPhase;
			buildActionMask = 2147483647;
			files = (
			);
			runOnlyForDeploymentPostprocessing = 0;
		};
		0C854B152A2D78BD0016DCA5 /* Frameworks */ = {
			isa = PBXFrameworksBuildPhase;
			buildActionMask = 2147483647;
			files = (
			);
			runOnlyForDeploymentPostprocessing = 0;
		};
		0CBBC4382A2D70E600848AC3 /* Frameworks */ = {
			isa = PBXFrameworksBuildPhase;
			buildActionMask = 2147483647;
			files = (
			);
			runOnlyForDeploymentPostprocessing = 0;
		};
/* End PBXFrameworksBuildPhase section */

/* Begin PBXGroup section */
		0C683D3D2A2E3BC100F30BF6 /* returnThis */ = {
			isa = PBXGroup;
			children = (
				0C683D3E2A2E3BC100F30BF6 /* main.cpp */,
				0C683D432A2E3C4D00F30BF6 /* Student.cpp */,
				0C683D442A2E3C4D00F30BF6 /* Student.h */,
			);
			path = returnThis;
			sourceTree = "<group>";
		};
		0C854B192A2D78BD0016DCA5 /* Utils */ = {
			isa = PBXGroup;
			children = (
				0C854B1A2A2D78BD0016DCA5 /* main.cpp */,
				0C854B1F2A2D78D40016DCA5 /* Utils.cpp */,
				0C854B202A2D78D40016DCA5 /* Utils.hpp */,
			);
			path = Utils;
			sourceTree = "<group>";
		};
		0CBBC4322A2D70E600848AC3 = {
			isa = PBXGroup;
			children = (
				0CBBC43D2A2D70E600848AC3 /* week6 */,
				0C854B192A2D78BD0016DCA5 /* Utils */,
				0C683D3D2A2E3BC100F30BF6 /* returnThis */,
				0CBBC43C2A2D70E600848AC3 /* Products */,
			);
			sourceTree = "<group>";
		};
		0CBBC43C2A2D70E600848AC3 /* Products */ = {
			isa = PBXGroup;
			children = (
				0CBBC43B2A2D70E600848AC3 /* week6 */,
				0C854B182A2D78BD0016DCA5 /* Utils */,
				0C683D3C2A2E3BC100F30BF6 /* returnThis */,
			);
			name = Products;
			sourceTree = "<group>";
		};
		0CBBC43D2A2D70E600848AC3 /* week6 */ = {
			isa = PBXGroup;
			children = (
				0CBBC43E2A2D70E600848AC3 /* main.cpp */,
				0CBBC4452A2D70FC00848AC3 /* Student.cpp */,
				0CBBC4462A2D70FC00848AC3 /* Student.h */,
			);
			path = week6;
			sourceTree = "<group>";
		};
/* End PBXGroup section */

/* Begin PBXNativeTarget section */
		0C683D3B2A2E3BC100F30BF6 /* returnThis */ = {
			isa = PBXNativeTarget;
			buildConfigurationList = 0C683D422A2E3BC100F30BF6 /* Build configuration list for PBXNativeTarget "returnThis" */;
			buildPhases = (
				0C683D382A2E3BC100F30BF6 /* Sources */,
				0C683D392A2E3BC100F30BF6 /* Frameworks */,
				0C683D3A2A2E3BC100F30BF6 /* CopyFiles */,
			);
			buildRules = (
			);
			dependencies = (
			);
			name = returnThis;
			productName = returnThis;
			productReference = 0C683D3C2A2E3BC100F30BF6 /* returnThis */;
			productType = "com.apple.product-type.tool";
		};
		0C854B172A2D78BD0016DCA5 /* Utils */ = {
			isa = PBXNativeTarget;
			buildConfigurationList = 0C854B1E2A2D78BD0016DCA5 /* Build configuration list for PBXNativeTarget "Utils" */;
			buildPhases = (
				0C854B142A2D78BD0016DCA5 /* Sources */,
				0C854B152A2D78BD0016DCA5 /* Frameworks */,
				0C854B162A2D78BD0016DCA5 /* CopyFiles */,
			);
			buildRules = (
			);
			dependencies = (
			);
			name = Utils;
			productName = Utils;
			productReference = 0C854B182A2D78BD0016DCA5 /* Utils */;
			productType = "com.apple.product-type.tool";
		};
		0CBBC43A2A2D70E600848AC3 /* week6 */ = {
			isa = PBXNativeTarget;
			buildConfigurationList = 0CBBC4422A2D70E600848AC3 /* Build configuration list for PBXNativeTarget "week6" */;
			buildPhases = (
				0CBBC4372A2D70E600848AC3 /* Sources */,
				0CBBC4382A2D70E600848AC3 /* Frameworks */,
				0CBBC4392A2D70E600848AC3 /* CopyFiles */,
			);
			buildRules = (
			);
			dependencies = (
			);
			name = week6;
			productName = week6;
			productReference = 0CBBC43B2A2D70E600848AC3 /* week6 */;
			productType = "com.apple.product-type.tool";
		};
/* End PBXNativeTarget section */

/* Begin PBXProject section */
		0CBBC4332A2D70E600848AC3 /* Project object */ = {
			isa = PBXProject;
			attributes = {
				BuildIndependentTargetsInParallel = 1;
				LastUpgradeCheck = 1430;
				TargetAttributes = {
					0C683D3B2A2E3BC100F30BF6 = {
						CreatedOnToolsVersion = 14.3.1;
					};
					0C854B172A2D78BD0016DCA5 = {
						CreatedOnToolsVersion = 14.3.1;
					};
					0CBBC43A2A2D70E600848AC3 = {
						CreatedOnToolsVersion = 14.3.1;
					};
				};
			};
			buildConfigurationList = 0CBBC4362A2D70E600848AC3 /* Build configuration list for PBXProject "week6" */;
			compatibilityVersion = "Xcode 14.0";
			developmentRegion = en;
			hasScannedForEncodings = 0;
			knownRegions = (
				en,
				Base,
			);
			mainGroup = 0CBBC4322A2D70E600848AC3;
			productRefGroup = 0CBBC43C2A2D70E600848AC3 /* Products */;
			projectDirPath = "";
			projectRoot = "";
			targets = (
				0CBBC43A2A2D70E600848AC3 /* week6 */,
				0C854B172A2D78BD0016DCA5 /* Utils */,
				0C683D3B2A2E3BC100F30BF6 /* returnThis */,
			);
		};
/* End PBXProject section */

/* Begin PBXSourcesBuildPhase section */
		0C683D382A2E3BC100F30BF6 /* Sources */ = {
			isa = PBXSourcesBuildPhase;
			buildActionMask = 2147483647;
			files = (
				0C683D3F2A2E3BC100F30BF6 /* main.cpp in Sources */,
				0C683D452A2E3C4D00F30BF6 /* Student.cpp in Sources */,
			);
			runOnlyForDeploymentPostprocessing = 0;
		};
		0C854B142A2D78BD0016DCA5 /* Sources */ = {
			isa = PBXSourcesBuildPhase;
			buildActionMask = 2147483647;
			files = (
				0C854B1B2A2D78BD0016DCA5 /* main.cpp in Sources */,
				0C854B212A2D78D40016DCA5 /* Utils.cpp in Sources */,
			);
			runOnlyForDeploymentPostprocessing = 0;
		};
		0CBBC4372A2D70E600848AC3 /* Sources */ = {
			isa = PBXSourcesBuildPhase;
			buildActionMask = 2147483647;
			files = (
				0CBBC43F2A2D70E600848AC3 /* main.cpp in Sources */,
				0CBBC4472A2D70FC00848AC3 /* Student.cpp in Sources */,
			);
			runOnlyForDeploymentPostprocessing = 0;
		};
/* End PBXSourcesBuildPhase section */

/* Begin XCBuildConfiguration section */
		0C683D402A2E3BC100F30BF6 /* Debug */ = {
			isa = XCBuildConfiguration;
			buildSettings = {
				CODE_SIGN_STYLE = Automatic;
				PRODUCT_NAME = "$(TARGET_NAME)";
			};
			name = Debug;
		};
		0C683D412A2E3BC100F30BF6 /* Release */ = {
			isa = XCBuildConfiguration;
			buildSettings = {
				CODE_SIGN_STYLE = Automatic;
				PRODUCT_NAME = "$(TARGET_NAME)";
			};
			name = Release;
		};
		0C854B1C2A2D78BD0016DCA5 /* Debug */ = {
			isa = XCBuildConfiguration;
			buildSettings = {
				CODE_SIGN_STYLE = Automatic;
				PRODUCT_NAME = "$(TARGET_NAME)";
			};
			name = Debug;
		};
		0C854B1D2A2D78BD0016DCA5 /* Release */ = {
			isa = XCBuildConfiguration;
			buildSettings = {
				CODE_SIGN_STYLE = Automatic;
				PRODUCT_NAME = "$(TARGET_NAME)";
			};
			name = Release;
		};
		0CBBC4402A2D70E600848AC3 /* Debug */ = {
			isa = XCBuildConfiguration;
			buildSettings = {
				ALWAYS_SEARCH_USER_PATHS = NO;
				CLANG_ANALYZER_NONNULL = YES;
				CLANG_ANALYZER_NUMBER_OBJECT_CONVERSION = YES_AGGRESSIVE;
				CLANG_CXX_LANGUAGE_STANDARD = "gnu++20";
				CLANG_ENABLE_MODULES = YES;
				CLANG_ENABLE_OBJC_ARC = YES;
				CLANG_ENABLE_OBJC_WEAK = YES;
				CLANG_WARN_BLOCK_CAPTURE_AUTORELEASING = YES;
				CLANG_WARN_BOOL_CONVERSION = YES;
				CLANG_WARN_COMMA = YES;
				CLANG_WARN_CONSTANT_CONVERSION = YES;
				CLANG_WARN_DEPRECATED_OBJC_IMPLEMENTATIONS = YES;
				CLANG_WARN_DIRECT_OBJC_ISA_USAGE = YES_ERROR;
				CLANG_WARN_DOCUMENTATION_COMMENTS = YES;
				CLANG_WARN_EMPTY_BODY = YES;
				CLANG_WARN_ENUM_CONVERSION = YES;
				CLANG_WARN_INFINITE_RECURSION = YES;
				CLANG_WARN_INT_CONVERSION = YES;
				CLANG_WARN_NON_LITERAL_NULL_CONVERSION = YES;
				CLANG_WARN_OBJC_IMPLICIT_RETAIN_SELF = YES;
				CLANG_WARN_OBJC_LITERAL_CONVERSION = YES;
				CLANG_WARN_OBJC_ROOT_CLASS = YES_ERROR;
				CLANG_WARN_QUOTED_INCLUDE_IN_FRAMEWORK_HEADER = YES;
				CLANG_WARN_RANGE_LOOP_ANALYSIS = YES;
				CLANG_WARN_STRICT_PROTOTYPES = YES;
				CLANG_WARN_SUSPICIOUS_MOVE = YES;
				CLANG_WARN_UNGUARDED_AVAILABILITY = YES_AGGRESSIVE;
				CLANG_WARN_UNREACHABLE_CODE = YES;
				CLANG_WARN__DUPLICATE_METHOD_MATCH = YES;
				COPY_PHASE_STRIP = NO;
				DEBUG_INFORMATION_FORMAT = dwarf;
				ENABLE_STRICT_OBJC_MSGSEND = YES;
				ENABLE_TESTABILITY = YES;
				GCC_C_LANGUAGE_STANDARD = gnu11;
				GCC_DYNAMIC_NO_PIC = NO;
				GCC_NO_COMMON_BLOCKS = YES;
				GCC_OPTIMIZATION_LEVEL = 0;
				GCC_PREPROCESSOR_DEFINITIONS = (
					"DEBUG=1",
					"$(inherited)",
				);
				GCC_WARN_64_TO_32_BIT_CONVERSION = YES;
				GCC_WARN_ABOUT_RETURN_TYPE = YES_ERROR;
				GCC_WARN_UNDECLARED_SELECTOR = YES;
				GCC_WARN_UNINITIALIZED_AUTOS = YES_AGGRESSIVE;
				GCC_WARN_UNUSED_FUNCTION = YES;
				GCC_WARN_UNUSED_VARIABLE = YES;
				MACOSX_DEPLOYMENT_TARGET = 13.3;
				MTL_ENABLE_DEBUG_INFO = INCLUDE_SOURCE;
				MTL_FAST_MATH = YES;
				ONLY_ACTIVE_ARCH = YES;
				SDKROOT = macosx;
			};
			name = Debug;
		};
		0CBBC4412A2D70E600848AC3 /* Release */ = {
			isa = XCBuildConfiguration;
			buildSettings = {
				ALWAYS_SEARCH_USER_PATHS = NO;
				CLANG_ANALYZER_NONNULL = YES;
				CLANG_ANALYZER_NUMBER_OBJECT_CONVERSION = YES_AGGRESSIVE;
				CLANG_CXX_LANGUAGE_STANDARD = "gnu++20";
				CLANG_ENABLE_MODULES = YES;
				CLANG_ENABLE_OBJC_ARC = YES;
				CLANG_ENABLE_OBJC_WEAK = YES;
				CLANG_WARN_BLOCK_CAPTURE_AUTORELEASING = YES;
				CLANG_WARN_BOOL_CONVERSION = YES;
				CLANG_WARN_COMMA = YES;
				CLANG_WARN_CONSTANT_CONVERSION = YES;
				CLANG_WARN_DEPRECATED_OBJC_IMPLEMENTATIONS = YES;
				CLANG_WARN_DIRECT_OBJC_ISA_USAGE = YES_ERROR;
				CLANG_WARN_DOCUMENTATION_COMMENTS = YES;
				CLANG_WARN_EMPTY_BODY = YES;
				CLANG_WARN_ENUM_CONVERSION = YES;
				CLANG_WARN_INFINITE_RECURSION = YES;
				CLANG_WARN_INT_CONVERSION = YES;
				CLANG_WARN_NON_LITERAL_NULL_CONVERSION = YES;
				CLANG_WARN_OBJC_IMPLICIT_RETAIN_SELF = YES;
				CLANG_WARN_OBJC_LITERAL_CONVERSION = YES;
				CLANG_WARN_OBJC_ROOT_CLASS = YES_ERROR;
				CLANG_WARN_QUOTED_INCLUDE_IN_FRAMEWORK_HEADER = YES;
				CLANG_WARN_RANGE_LOOP_ANALYSIS = YES;
				CLANG_WARN_STRICT_PROTOTYPES = YES;
				CLANG_WARN_SUSPICIOUS_MOVE = YES;
				CLANG_WARN_UNGUARDED_AVAILABILITY = YES_AGGRESSIVE;
				CLANG_WARN_UNREACHABLE_CODE = YES;
				CLANG_WARN__DUPLICATE_METHOD_MATCH = YES;
				COPY_PHASE_STRIP = NO;
				DEBUG_INFORMATION_FORMAT = "dwarf-with-dsym";
				ENABLE_NS_ASSERTIONS = NO;
				ENABLE_STRICT_OBJC_MSGSEND = YES;
				GCC_C_LANGUAGE_STANDARD = gnu11;
				GCC_NO_COMMON_BLOCKS = YES;
				GCC_WARN_64_TO_32_BIT_CONVERSION = YES;
				GCC_WARN_ABOUT_RETURN_TYPE = YES_ERROR;
				GCC_WARN_UNDECLARED_SELECTOR = YES;
				GCC_WARN_UNINITIALIZED_AUTOS = YES_AGGRESSIVE;
				GCC_WARN_UNUSED_FUNCTION = YES;
				GCC_WARN_UNUSED_VARIABLE = YES;
				MACOSX_DEPLOYMENT_TARGET = 13.3;
				MTL_ENABLE_DEBUG_INFO = NO;
				MTL_FAST_MATH = YES;
				SDKROOT = macosx;
			};
			name = Release;
		};
		0CBBC4432A2D70E600848AC3 /* Debug */ = {
			isa = XCBuildConfiguration;
			buildSettings = {
				CODE_SIGN_STYLE = Automatic;
				PRODUCT_NAME = "$(TARGET_NAME)";
			};
			name = Debug;
		};
		0CBBC4442A2D70E600848AC3 /* Release */ = {
			isa = XCBuildConfiguration;
			buildSettings = {
				CODE_SIGN_STYLE = Automatic;
				PRODUCT_NAME = "$(TARGET_NAME)";
			};
			name = Release;
		};
/* End XCBuildConfiguration section */

/* Begin XCConfigurationList section */
		0C683D422A2E3BC100F30BF6 /* Build configuration list for PBXNativeTarget "returnThis" */ = {
			isa = XCConfigurationList;
			buildConfigurations = (
				0C683D402A2E3BC100F30BF6 /* Debug */,
				0C683D412A2E3BC100F30BF6 /* Release */,
			);
			defaultConfigurationIsVisible = 0;
			defaultConfigurationName = Release;
		};
		0C854B1E2A2D78BD0016DCA5 /* Build configuration list for PBXNativeTarget "Utils" */ = {
			isa = XCConfigurationList;
			buildConfigurations = (
				0C854B1C2A2D78BD0016DCA5 /* Debug */,
				0C854B1D2A2D78BD0016DCA5 /* Release */,
			);
			defaultConfigurationIsVisible = 0;
			defaultConfigurationName = Release;
		};
		0CBBC4362A2D70E600848AC3 /* Build configuration list for PBXProject "week6" */ = {
			isa = XCConfigurationList;
			buildConfigurations = (
				0CBBC4402A2D70E600848AC3 /* Debug */,
				0CBBC4412A2D70E600848AC3 /* Release */,
			);
			defaultConfigurationIsVisible = 0;
			defaultConfigurationName = Release;
		};
		0CBBC4422A2D70E600848AC3 /* Build configuration list for PBXNativeTarget "week6" */ = {
			isa = XCConfigurationList;
			buildConfigurations = (
				0CBBC4432A2D70E600848AC3 /* Debug */,
				0CBBC4442A2D70E600848AC3 /* Release */,
			);
			defaultConfigurationIsVisible = 0;
			defaultConfigurationName = Release;
		};
/* End XCConfigurationList section */
	};
	rootObject = 0CBBC4332A2D70E600848AC3 /* Project object */;
}
