// !$*UTF8*$!
{
	archiveVersion = 1;
	classes = {
	};
	objectVersion = 56;
	objects = {

/* Begin PBXBuildFile section */
		0CBF11622A187D220099B942 /* main.cpp in Sources */ = {isa = PBXBuildFile; fileRef = 0CBF11612A187D220099B942 /* main.cpp */; };
		0CBF12192A1DAB3A0099B942 /* student.cpp in Sources */ = {isa = PBXBuildFile; fileRef = 0CBF12172A1DAB3A0099B942 /* student.cpp */; };
		0CBF12212A1DBF2C0099B942 /* main.cpp in Sources */ = {isa = PBXBuildFile; fileRef = 0CBF12202A1DBF2C0099B942 /* main.cpp */; };
		0CBF12272A1DBF4B0099B942 /* student.cpp in Sources */ = {isa = PBXBuildFile; fileRef = 0CBF12252A1DBF4B0099B942 /* student.cpp */; };
/* End PBXBuildFile section */

/* Begin PBXCopyFilesBuildPhase section */
		0CBF115C2A187D220099B942 /* CopyFiles */ = {
			isa = PBXCopyFilesBuildPhase;
			buildActionMask = 2147483647;
			dstPath = /usr/share/man/man1/;
			dstSubfolderSpec = 0;
			files = (
			);
			runOnlyForDeploymentPostprocessing = 1;
		};
		0CBF121C2A1DBF2C0099B942 /* CopyFiles */ = {
			isa = PBXCopyFilesBuildPhase;
			buildActionMask = 2147483647;
			dstPath = /usr/share/man/man1/;
			dstSubfolderSpec = 0;
			files = (
			);
			runOnlyForDeploymentPostprocessing = 1;
		};
/* End PBXCopyFilesBuildPhase section */

/* Begin PBXFileReference section */
		0CBF115E2A187D220099B942 /* week4 */ = {isa = PBXFileReference; explicitFileType = "compiled.mach-o.executable"; includeInIndex = 0; path = week4; sourceTree = BUILT_PRODUCTS_DIR; };
		0CBF11612A187D220099B942 /* main.cpp */ = {isa = PBXFileReference; lastKnownFileType = sourcecode.cpp.cpp; path = main.cpp; sourceTree = "<group>"; };
		0CBF11682A187D2D0099B942 /* note.md */ = {isa = PBXFileReference; lastKnownFileType = net.daringfireball.markdown; path = note.md; sourceTree = "<group>"; };
		0CBF12172A1DAB3A0099B942 /* student.cpp */ = {isa = PBXFileReference; lastKnownFileType = sourcecode.cpp.cpp; path = student.cpp; sourceTree = "<group>"; };
		0CBF12182A1DAB3A0099B942 /* student.h */ = {isa = PBXFileReference; lastKnownFileType = sourcecode.c.h; path = student.h; sourceTree = "<group>"; };
		0CBF121E2A1DBF2C0099B942 /* DMAStudent */ = {isa = PBXFileReference; explicitFileType = "compiled.mach-o.executable"; includeInIndex = 0; path = DMAStudent; sourceTree = BUILT_PRODUCTS_DIR; };
		0CBF12202A1DBF2C0099B942 /* main.cpp */ = {isa = PBXFileReference; lastKnownFileType = sourcecode.cpp.cpp; path = main.cpp; sourceTree = "<group>"; };
		0CBF12252A1DBF4B0099B942 /* student.cpp */ = {isa = PBXFileReference; lastKnownFileType = sourcecode.cpp.cpp; path = student.cpp; sourceTree = "<group>"; };
		0CBF12262A1DBF4B0099B942 /* student.hpp */ = {isa = PBXFileReference; lastKnownFileType = sourcecode.cpp.h; path = student.hpp; sourceTree = "<group>"; };
/* End PBXFileReference section */

/* Begin PBXFrameworksBuildPhase section */
		0CBF115B2A187D220099B942 /* Frameworks */ = {
			isa = PBXFrameworksBuildPhase;
			buildActionMask = 2147483647;
			files = (
			);
			runOnlyForDeploymentPostprocessing = 0;
		};
		0CBF121B2A1DBF2C0099B942 /* Frameworks */ = {
			isa = PBXFrameworksBuildPhase;
			buildActionMask = 2147483647;
			files = (
			);
			runOnlyForDeploymentPostprocessing = 0;
		};
/* End PBXFrameworksBuildPhase section */

/* Begin PBXGroup section */
		0CBF11552A187D220099B942 = {
			isa = PBXGroup;
			children = (
				0CBF11602A187D220099B942 /* week4 */,
				0CBF121F2A1DBF2C0099B942 /* DMAStudent */,
				0CBF115F2A187D220099B942 /* Products */,
			);
			sourceTree = "<group>";
		};
		0CBF115F2A187D220099B942 /* Products */ = {
			isa = PBXGroup;
			children = (
				0CBF115E2A187D220099B942 /* week4 */,
				0CBF121E2A1DBF2C0099B942 /* DMAStudent */,
			);
			name = Products;
			sourceTree = "<group>";
		};
		0CBF11602A187D220099B942 /* week4 */ = {
			isa = PBXGroup;
			children = (
				0CBF11612A187D220099B942 /* main.cpp */,
				0CBF12172A1DAB3A0099B942 /* student.cpp */,
				0CBF12182A1DAB3A0099B942 /* student.h */,
				0CBF11682A187D2D0099B942 /* note.md */,
			);
			path = week4;
			sourceTree = "<group>";
		};
		0CBF121F2A1DBF2C0099B942 /* DMAStudent */ = {
			isa = PBXGroup;
			children = (
				0CBF12202A1DBF2C0099B942 /* main.cpp */,
				0CBF12252A1DBF4B0099B942 /* student.cpp */,
				0CBF12262A1DBF4B0099B942 /* student.hpp */,
			);
			path = DMAStudent;
			sourceTree = "<group>";
		};
/* End PBXGroup section */

/* Begin PBXNativeTarget section */
		0CBF115D2A187D220099B942 /* week4 */ = {
			isa = PBXNativeTarget;
			buildConfigurationList = 0CBF11652A187D220099B942 /* Build configuration list for PBXNativeTarget "week4" */;
			buildPhases = (
				0CBF115A2A187D220099B942 /* Sources */,
				0CBF115B2A187D220099B942 /* Frameworks */,
				0CBF115C2A187D220099B942 /* CopyFiles */,
			);
			buildRules = (
			);
			dependencies = (
			);
			name = week4;
			productName = week4;
			productReference = 0CBF115E2A187D220099B942 /* week4 */;
			productType = "com.apple.product-type.tool";
		};
		0CBF121D2A1DBF2C0099B942 /* DMAStudent */ = {
			isa = PBXNativeTarget;
			buildConfigurationList = 0CBF12222A1DBF2C0099B942 /* Build configuration list for PBXNativeTarget "DMAStudent" */;
			buildPhases = (
				0CBF121A2A1DBF2C0099B942 /* Sources */,
				0CBF121B2A1DBF2C0099B942 /* Frameworks */,
				0CBF121C2A1DBF2C0099B942 /* CopyFiles */,
			);
			buildRules = (
			);
			dependencies = (
			);
			name = DMAStudent;
			productName = DMAStudent;
			productReference = 0CBF121E2A1DBF2C0099B942 /* DMAStudent */;
			productType = "com.apple.product-type.tool";
		};
/* End PBXNativeTarget section */

/* Begin PBXProject section */
		0CBF11562A187D220099B942 /* Project object */ = {
			isa = PBXProject;
			attributes = {
				BuildIndependentTargetsInParallel = 1;
				LastUpgradeCheck = 1430;
				TargetAttributes = {
					0CBF115D2A187D220099B942 = {
						CreatedOnToolsVersion = 14.3;
					};
					0CBF121D2A1DBF2C0099B942 = {
						CreatedOnToolsVersion = 14.3;
					};
				};
			};
			buildConfigurationList = 0CBF11592A187D220099B942 /* Build configuration list for PBXProject "week4" */;
			compatibilityVersion = "Xcode 14.0";
			developmentRegion = en;
			hasScannedForEncodings = 0;
			knownRegions = (
				en,
				Base,
			);
			mainGroup = 0CBF11552A187D220099B942;
			productRefGroup = 0CBF115F2A187D220099B942 /* Products */;
			projectDirPath = "";
			projectRoot = "";
			targets = (
				0CBF115D2A187D220099B942 /* week4 */,
				0CBF121D2A1DBF2C0099B942 /* DMAStudent */,
			);
		};
/* End PBXProject section */

/* Begin PBXSourcesBuildPhase section */
		0CBF115A2A187D220099B942 /* Sources */ = {
			isa = PBXSourcesBuildPhase;
			buildActionMask = 2147483647;
			files = (
				0CBF11622A187D220099B942 /* main.cpp in Sources */,
				0CBF12192A1DAB3A0099B942 /* student.cpp in Sources */,
			);
			runOnlyForDeploymentPostprocessing = 0;
		};
		0CBF121A2A1DBF2C0099B942 /* Sources */ = {
			isa = PBXSourcesBuildPhase;
			buildActionMask = 2147483647;
			files = (
				0CBF12212A1DBF2C0099B942 /* main.cpp in Sources */,
				0CBF12272A1DBF4B0099B942 /* student.cpp in Sources */,
			);
			runOnlyForDeploymentPostprocessing = 0;
		};
/* End PBXSourcesBuildPhase section */

/* Begin XCBuildConfiguration section */
		0CBF11632A187D220099B942 /* Debug */ = {
			isa = XCBuildConfiguration;
			buildSettings = {
				ALWAYS_SEARCH_USER_PATHS = NO;
				CLANG_ANALYZER_NONNULL = YES;
				CLANG_ANALYZER_NUMBER_OBJECT_CONVERSION = YES_AGGRESSIVE;
				CLANG_CXX_LANGUAGE_STANDARD = "gnu++20";
				CLANG_ENABLE_MODULES = YES;
				CLANG_ENABLE_OBJC_ARC = YES;
				CLANG_ENABLE_OBJC_WEAK = YES;
				CLANG_WARN_BLOCK_CAPTURE_AUTORELEASING = YES;
				CLANG_WARN_BOOL_CONVERSION = YES;
				CLANG_WARN_COMMA = YES;
				CLANG_WARN_CONSTANT_CONVERSION = YES;
				CLANG_WARN_DEPRECATED_OBJC_IMPLEMENTATIONS = YES;
				CLANG_WARN_DIRECT_OBJC_ISA_USAGE = YES_ERROR;
				CLANG_WARN_DOCUMENTATION_COMMENTS = YES;
				CLANG_WARN_EMPTY_BODY = YES;
				CLANG_WARN_ENUM_CONVERSION = YES;
				CLANG_WARN_INFINITE_RECURSION = YES;
				CLANG_WARN_INT_CONVERSION = YES;
				CLANG_WARN_NON_LITERAL_NULL_CONVERSION = YES;
				CLANG_WARN_OBJC_IMPLICIT_RETAIN_SELF = YES;
				CLANG_WARN_OBJC_LITERAL_CONVERSION = YES;
				CLANG_WARN_OBJC_ROOT_CLASS = YES_ERROR;
				CLANG_WARN_QUOTED_INCLUDE_IN_FRAMEWORK_HEADER = YES;
				CLANG_WARN_RANGE_LOOP_ANALYSIS = YES;
				CLANG_WARN_STRICT_PROTOTYPES = YES;
				CLANG_WARN_SUSPICIOUS_MOVE = YES;
				CLANG_WARN_UNGUARDED_AVAILABILITY = YES_AGGRESSIVE;
				CLANG_WARN_UNREACHABLE_CODE = YES;
				CLANG_WARN__DUPLICATE_METHOD_MATCH = YES;
				COPY_PHASE_STRIP = NO;
				DEBUG_INFORMATION_FORMAT = dwarf;
				ENABLE_STRICT_OBJC_MSGSEND = YES;
				ENABLE_TESTABILITY = YES;
				GCC_C_LANGUAGE_STANDARD = gnu11;
				GCC_DYNAMIC_NO_PIC = NO;
				GCC_NO_COMMON_BLOCKS = YES;
				GCC_OPTIMIZATION_LEVEL = 0;
				GCC_PREPROCESSOR_DEFINITIONS = (
					"DEBUG=1",
					"$(inherited)",
				);
				GCC_WARN_64_TO_32_BIT_CONVERSION = YES;
				GCC_WARN_ABOUT_RETURN_TYPE = YES_ERROR;
				GCC_WARN_UNDECLARED_SELECTOR = YES;
				GCC_WARN_UNINITIALIZED_AUTOS = YES_AGGRESSIVE;
				GCC_WARN_UNUSED_FUNCTION = YES;
				GCC_WARN_UNUSED_VARIABLE = YES;
				MACOSX_DEPLOYMENT_TARGET = 13.3;
				MTL_ENABLE_DEBUG_INFO = INCLUDE_SOURCE;
				MTL_FAST_MATH = YES;
				ONLY_ACTIVE_ARCH = YES;
				SDKROOT = macosx;
			};
			name = Debug;
		};
		0CBF11642A187D220099B942 /* Release */ = {
			isa = XCBuildConfiguration;
			buildSettings = {
				ALWAYS_SEARCH_USER_PATHS = NO;
				CLANG_ANALYZER_NONNULL = YES;
				CLANG_ANALYZER_NUMBER_OBJECT_CONVERSION = YES_AGGRESSIVE;
				CLANG_CXX_LANGUAGE_STANDARD = "gnu++20";
				CLANG_ENABLE_MODULES = YES;
				CLANG_ENABLE_OBJC_ARC = YES;
				CLANG_ENABLE_OBJC_WEAK = YES;
				CLANG_WARN_BLOCK_CAPTURE_AUTORELEASING = YES;
				CLANG_WARN_BOOL_CONVERSION = YES;
				CLANG_WARN_COMMA = YES;
				CLANG_WARN_CONSTANT_CONVERSION = YES;
				CLANG_WARN_DEPRECATED_OBJC_IMPLEMENTATIONS = YES;
				CLANG_WARN_DIRECT_OBJC_ISA_USAGE = YES_ERROR;
				CLANG_WARN_DOCUMENTATION_COMMENTS = YES;
				CLANG_WARN_EMPTY_BODY = YES;
				CLANG_WARN_ENUM_CONVERSION = YES;
				CLANG_WARN_INFINITE_RECURSION = YES;
				CLANG_WARN_INT_CONVERSION = YES;
				CLANG_WARN_NON_LITERAL_NULL_CONVERSION = YES;
				CLANG_WARN_OBJC_IMPLICIT_RETAIN_SELF = YES;
				CLANG_WARN_OBJC_LITERAL_CONVERSION = YES;
				CLANG_WARN_OBJC_ROOT_CLASS = YES_ERROR;
				CLANG_WARN_QUOTED_INCLUDE_IN_FRAMEWORK_HEADER = YES;
				CLANG_WARN_RANGE_LOOP_ANALYSIS = YES;
				CLANG_WARN_STRICT_PROTOTYPES = YES;
				CLANG_WARN_SUSPICIOUS_MOVE = YES;
				CLANG_WARN_UNGUARDED_AVAILABILITY = YES_AGGRESSIVE;
				CLANG_WARN_UNREACHABLE_CODE = YES;
				CLANG_WARN__DUPLICATE_METHOD_MATCH = YES;
				COPY_PHASE_STRIP = NO;
				DEBUG_INFORMATION_FORMAT = "dwarf-with-dsym";
				ENABLE_NS_ASSERTIONS = NO;
				ENABLE_STRICT_OBJC_MSGSEND = YES;
				GCC_C_LANGUAGE_STANDARD = gnu11;
				GCC_NO_COMMON_BLOCKS = YES;
				GCC_WARN_64_TO_32_BIT_CONVERSION = YES;
				GCC_WARN_ABOUT_RETURN_TYPE = YES_ERROR;
				GCC_WARN_UNDECLARED_SELECTOR = YES;
				GCC_WARN_UNINITIALIZED_AUTOS = YES_AGGRESSIVE;
				GCC_WARN_UNUSED_FUNCTION = YES;
				GCC_WARN_UNUSED_VARIABLE = YES;
				MACOSX_DEPLOYMENT_TARGET = 13.3;
				MTL_ENABLE_DEBUG_INFO = NO;
				MTL_FAST_MATH = YES;
				SDKROOT = macosx;
			};
			name = Release;
		};
		0CBF11662A187D220099B942 /* Debug */ = {
			isa = XCBuildConfiguration;
			buildSettings = {
				CODE_SIGN_STYLE = Automatic;
				PRODUCT_NAME = "$(TARGET_NAME)";
			};
			name = Debug;
		};
		0CBF11672A187D220099B942 /* Release */ = {
			isa = XCBuildConfiguration;
			buildSettings = {
				CODE_SIGN_STYLE = Automatic;
				PRODUCT_NAME = "$(TARGET_NAME)";
			};
			name = Release;
		};
		0CBF12232A1DBF2C0099B942 /* Debug */ = {
			isa = XCBuildConfiguration;
			buildSettings = {
				CODE_SIGN_STYLE = Automatic;
				PRODUCT_NAME = "$(TARGET_NAME)";
			};
			name = Debug;
		};
		0CBF12242A1DBF2C0099B942 /* Release */ = {
			isa = XCBuildConfiguration;
			buildSettings = {
				CODE_SIGN_STYLE = Automatic;
				PRODUCT_NAME = "$(TARGET_NAME)";
			};
			name = Release;
		};
/* End XCBuildConfiguration section */

/* Begin XCConfigurationList section */
		0CBF11592A187D220099B942 /* Build configuration list for PBXProject "week4" */ = {
			isa = XCConfigurationList;
			buildConfigurations = (
				0CBF11632A187D220099B942 /* Debug */,
				0CBF11642A187D220099B942 /* Release */,
			);
			defaultConfigurationIsVisible = 0;
			defaultConfigurationName = Release;
		};
		0CBF11652A187D220099B942 /* Build configuration list for PBXNativeTarget "week4" */ = {
			isa = XCConfigurationList;
			buildConfigurations = (
				0CBF11662A187D220099B942 /* Debug */,
				0CBF11672A187D220099B942 /* Release */,
			);
			defaultConfigurationIsVisible = 0;
			defaultConfigurationName = Release;
		};
		0CBF12222A1DBF2C0099B942 /* Build configuration list for PBXNativeTarget "DMAStudent" */ = {
			isa = XCConfigurationList;
			buildConfigurations = (
				0CBF12232A1DBF2C0099B942 /* Debug */,
				0CBF12242A1DBF2C0099B942 /* Release */,
			);
			defaultConfigurationIsVisible = 0;
			defaultConfigurationName = Release;
		};
/* End XCConfigurationList section */
	};
	rootObject = 0CBF11562A187D220099B942 /* Project object */;
}
